
Microsoft Visual Studio Solution File, Format Version 12.00
# Visual Studio Version 17
VisualStudioVersion = 17.7.34031.279
MinimumVisualStudioVersion = 10.0.40219.1
Project("{FAE04EC0-301F-11D3-BF4B-00C04F79EFBC}") = "CRUDCoreGateway", "CRUDCoreGateway\CRUDCoreGateway.csproj", "{34A076DE-A100-45C1-900C-40537806CF36}"
EndProject
Global
	GlobalSection(SolutionConfigurationPlatforms) = preSolution
		Debug|Any CPU = Debug|Any CPU
		Release|Any CPU = Release|Any CPU
	EndGlobalSection
	GlobalSection(ProjectConfigurationPlatforms) = postSolution
		{34A076DE-A100-45C1-900C-40537806CF36}.Debug|Any CPU.ActiveCfg = Debug|Any CPU
		{34A076DE-A100-45C1-900C-40537806CF36}.Debug|Any CPU.Build.0 = Debug|Any CPU
		{34A076DE-A100-45C1-900C-40537806CF36}.Release|Any CPU.ActiveCfg = Release|Any CPU
		{34A076DE-A100-45C1-900C-40537806CF36}.Release|Any CPU.Build.0 = Release|Any CPU
	EndGlobalSection
	GlobalSection(SolutionProperties) = preSolution
		HideSolutionNode = FALSE
	EndGlobalSection
	GlobalSection(ExtensibilityGlobals) = postSolution
		SolutionGuid = {E4A536CC-4B17-43D2-8B5F-2EDD44BECDFC}
	EndGlobalSection
EndGlobal
